
Microsoft Visual Studio Solution File, Format Version 12.00
# Visual Studio Version 17
VisualStudioVersion = 17.7.34221.43
MinimumVisualStudioVersion = 10.0.40219.1
Project("{FAE04EC0-301F-11D3-BF4B-00C04F79EFBC}") = "exercicio1", "exercicio1\exercicio1.csproj", "{1A6D89A2-DE39-491D-A245-3A7C1A2E2061}"
EndProject
Project("{FAE04EC0-301F-11D3-BF4B-00C04F79EFBC}") = "exercicio2", "exercicio2\exercicio2.csproj", "{2595D08E-61CB-40EB-AF70-34C46579A3B2}"
EndProject
Project("{FAE04EC0-301F-11D3-BF4B-00C04F79EFBC}") = "exercicio3", "exercicio3\exercicio3.csproj", "{A0A9DC7B-C084-449F-A15E-01E25E3EADF2}"
EndProject
Project("{2150E333-8FDC-42A3-9474-1A3956D46DE8}") = "ent, process e saida de dados", "ent, process e saida de dados", "{EDE71871-B175-4811-A385-92CEB1846674}"
EndProject
Project("{FAE04EC0-301F-11D3-BF4B-00C04F79EFBC}") = "exercicio4", "exercicio4\exercicio4.csproj", "{219C37EF-B6E2-4813-98F7-49C02A4583FF}"
EndProject
Project("{FAE04EC0-301F-11D3-BF4B-00C04F79EFBC}") = "exercicio5", "exercicio5\exercicio5.csproj", "{A938D6A4-37F5-4C76-9165-23A8ABC2773B}"
EndProject
Project("{FAE04EC0-301F-11D3-BF4B-00C04F79EFBC}") = "exercicio6", "exercicio6\exercicio6.csproj", "{15C063E4-3E08-47D3-A859-A4CBAA1DFC1B}"
EndProject
Project("{2150E333-8FDC-42A3-9474-1A3956D46DE8}") = "estruturas de decisao", "estruturas de decisao", "{2165E970-86AB-44AB-8D48-D7EAF594973D}"
EndProject
Project("{FAE04EC0-301F-11D3-BF4B-00C04F79EFBC}") = "1exerc", "1exerc\1exerc.csproj", "{C15FA4A1-F9D5-46DF-B864-1033C1B7335B}"
EndProject
Project("{FAE04EC0-301F-11D3-BF4B-00C04F79EFBC}") = "2exerc", "2exerc\2exerc.csproj", "{C34100B7-F898-4964-BC9E-46B40862754B}"
EndProject
Project("{FAE04EC0-301F-11D3-BF4B-00C04F79EFBC}") = "3exerc", "3exerc\3exerc.csproj", "{7E243272-9A50-4B08-A3C8-7FCE2641FA7C}"
EndProject
Project("{FAE04EC0-301F-11D3-BF4B-00C04F79EFBC}") = "4exerc", "4exerc\4exerc.csproj", "{034D5C81-3AAB-422A-AF1C-5E2F586FB89A}"
EndProject
Project("{FAE04EC0-301F-11D3-BF4B-00C04F79EFBC}") = "5exerc", "5exerc\5exerc.csproj", "{87845EA3-8296-49E8-800E-E289FFCF5B6C}"
EndProject
Project("{2150E333-8FDC-42A3-9474-1A3956D46DE8}") = "estruturas de repeticao", "estruturas de repeticao", "{26A0881C-EFF5-4DD7-87D8-68CA62ED465D}"
EndProject
Project("{FAE04EC0-301F-11D3-BF4B-00C04F79EFBC}") = "exerc1", "exerc1\exerc1.csproj", "{C0A4849D-4153-4449-A53E-D7B3B1A16741}"
EndProject
Project("{FAE04EC0-301F-11D3-BF4B-00C04F79EFBC}") = "exerc2", "exerc2\exerc2.csproj", "{BCEB7B41-A6F3-4BE2-BA2F-60A07FCE2214}"
EndProject
Project("{FAE04EC0-301F-11D3-BF4B-00C04F79EFBC}") = "exerc3", "exerc3\exerc3.csproj", "{2B0706C0-40B5-4F45-BE57-C954DEF067AA}"
EndProject
Project("{FAE04EC0-301F-11D3-BF4B-00C04F79EFBC}") = "exerc4", "exerc4\exerc4.csproj", "{4B214AE5-4638-4F13-84BF-E264F4F17CD5}"
EndProject
Project("{FAE04EC0-301F-11D3-BF4B-00C04F79EFBC}") = "exerc5", "exerc5\exerc5.csproj", "{9692F68E-2586-45B1-995E-1A748DCDAF1B}"
EndProject
Global
	GlobalSection(SolutionConfigurationPlatforms) = preSolution
		Debug|Any CPU = Debug|Any CPU
		Release|Any CPU = Release|Any CPU
	EndGlobalSection
	GlobalSection(ProjectConfigurationPlatforms) = postSolution
		{1A6D89A2-DE39-491D-A245-3A7C1A2E2061}.Debug|Any CPU.ActiveCfg = Debug|Any CPU
		{1A6D89A2-DE39-491D-A245-3A7C1A2E2061}.Debug|Any CPU.Build.0 = Debug|Any CPU
		{1A6D89A2-DE39-491D-A245-3A7C1A2E2061}.Release|Any CPU.ActiveCfg = Release|Any CPU
		{1A6D89A2-DE39-491D-A245-3A7C1A2E2061}.Release|Any CPU.Build.0 = Release|Any CPU
		{2595D08E-61CB-40EB-AF70-34C46579A3B2}.Debug|Any CPU.ActiveCfg = Debug|Any CPU
		{2595D08E-61CB-40EB-AF70-34C46579A3B2}.Debug|Any CPU.Build.0 = Debug|Any CPU
		{2595D08E-61CB-40EB-AF70-34C46579A3B2}.Release|Any CPU.ActiveCfg = Release|Any CPU
		{2595D08E-61CB-40EB-AF70-34C46579A3B2}.Release|Any CPU.Build.0 = Release|Any CPU
		{A0A9DC7B-C084-449F-A15E-01E25E3EADF2}.Debug|Any CPU.ActiveCfg = Debug|Any CPU
		{A0A9DC7B-C084-449F-A15E-01E25E3EADF2}.Debug|Any CPU.Build.0 = Debug|Any CPU
		{A0A9DC7B-C084-449F-A15E-01E25E3EADF2}.Release|Any CPU.ActiveCfg = Release|Any CPU
		{A0A9DC7B-C084-449F-A15E-01E25E3EADF2}.Release|Any CPU.Build.0 = Release|Any CPU
		{219C37EF-B6E2-4813-98F7-49C02A4583FF}.Debug|Any CPU.ActiveCfg = Debug|Any CPU
		{219C37EF-B6E2-4813-98F7-49C02A4583FF}.Debug|Any CPU.Build.0 = Debug|Any CPU
		{219C37EF-B6E2-4813-98F7-49C02A4583FF}.Release|Any CPU.ActiveCfg = Release|Any CPU
		{219C37EF-B6E2-4813-98F7-49C02A4583FF}.Release|Any CPU.Build.0 = Release|Any CPU
		{A938D6A4-37F5-4C76-9165-23A8ABC2773B}.Debug|Any CPU.ActiveCfg = Debug|Any CPU
		{A938D6A4-37F5-4C76-9165-23A8ABC2773B}.Debug|Any CPU.Build.0 = Debug|Any CPU
		{A938D6A4-37F5-4C76-9165-23A8ABC2773B}.Release|Any CPU.ActiveCfg = Release|Any CPU
		{A938D6A4-37F5-4C76-9165-23A8ABC2773B}.Release|Any CPU.Build.0 = Release|Any CPU
		{15C063E4-3E08-47D3-A859-A4CBAA1DFC1B}.Debug|Any CPU.ActiveCfg = Debug|Any CPU
		{15C063E4-3E08-47D3-A859-A4CBAA1DFC1B}.Debug|Any CPU.Build.0 = Debug|Any CPU
		{15C063E4-3E08-47D3-A859-A4CBAA1DFC1B}.Release|Any CPU.ActiveCfg = Release|Any CPU
		{15C063E4-3E08-47D3-A859-A4CBAA1DFC1B}.Release|Any CPU.Build.0 = Release|Any CPU
		{C15FA4A1-F9D5-46DF-B864-1033C1B7335B}.Debug|Any CPU.ActiveCfg = Debug|Any CPU
		{C15FA4A1-F9D5-46DF-B864-1033C1B7335B}.Debug|Any CPU.Build.0 = Debug|Any CPU
		{C15FA4A1-F9D5-46DF-B864-1033C1B7335B}.Release|Any CPU.ActiveCfg = Release|Any CPU
		{C15FA4A1-F9D5-46DF-B864-1033C1B7335B}.Release|Any CPU.Build.0 = Release|Any CPU
		{C34100B7-F898-4964-BC9E-46B40862754B}.Debug|Any CPU.ActiveCfg = Debug|Any CPU
		{C34100B7-F898-4964-BC9E-46B40862754B}.Debug|Any CPU.Build.0 = Debug|Any CPU
		{C34100B7-F898-4964-BC9E-46B40862754B}.Release|Any CPU.ActiveCfg = Release|Any CPU
		{C34100B7-F898-4964-BC9E-46B40862754B}.Release|Any CPU.Build.0 = Release|Any CPU
		{7E243272-9A50-4B08-A3C8-7FCE2641FA7C}.Debug|Any CPU.ActiveCfg = Debug|Any CPU
		{7E243272-9A50-4B08-A3C8-7FCE2641FA7C}.Debug|Any CPU.Build.0 = Debug|Any CPU
		{7E243272-9A50-4B08-A3C8-7FCE2641FA7C}.Release|Any CPU.ActiveCfg = Release|Any CPU
		{7E243272-9A50-4B08-A3C8-7FCE2641FA7C}.Release|Any CPU.Build.0 = Release|Any CPU
		{034D5C81-3AAB-422A-AF1C-5E2F586FB89A}.Debug|Any CPU.ActiveCfg = Debug|Any CPU
		{034D5C81-3AAB-422A-AF1C-5E2F586FB89A}.Debug|Any CPU.Build.0 = Debug|Any CPU
		{034D5C81-3AAB-422A-AF1C-5E2F586FB89A}.Release|Any CPU.ActiveCfg = Release|Any CPU
		{034D5C81-3AAB-422A-AF1C-5E2F586FB89A}.Release|Any CPU.Build.0 = Release|Any CPU
		{87845EA3-8296-49E8-800E-E289FFCF5B6C}.Debug|Any CPU.ActiveCfg = Debug|Any CPU
		{87845EA3-8296-49E8-800E-E289FFCF5B6C}.Debug|Any CPU.Build.0 = Debug|Any CPU
		{87845EA3-8296-49E8-800E-E289FFCF5B6C}.Release|Any CPU.ActiveCfg = Release|Any CPU
		{87845EA3-8296-49E8-800E-E289FFCF5B6C}.Release|Any CPU.Build.0 = Release|Any CPU
		{C0A4849D-4153-4449-A53E-D7B3B1A16741}.Debug|Any CPU.ActiveCfg = Debug|Any CPU
		{C0A4849D-4153-4449-A53E-D7B3B1A16741}.Debug|Any CPU.Build.0 = Debug|Any CPU
		{C0A4849D-4153-4449-A53E-D7B3B1A16741}.Release|Any CPU.ActiveCfg = Release|Any CPU
		{C0A4849D-4153-4449-A53E-D7B3B1A16741}.Release|Any CPU.Build.0 = Release|Any CPU
		{BCEB7B41-A6F3-4BE2-BA2F-60A07FCE2214}.Debug|Any CPU.ActiveCfg = Debug|Any CPU
		{BCEB7B41-A6F3-4BE2-BA2F-60A07FCE2214}.Debug|Any CPU.Build.0 = Debug|Any CPU
		{BCEB7B41-A6F3-4BE2-BA2F-60A07FCE2214}.Release|Any CPU.ActiveCfg = Release|Any CPU
		{BCEB7B41-A6F3-4BE2-BA2F-60A07FCE2214}.Release|Any CPU.Build.0 = Release|Any CPU
		{2B0706C0-40B5-4F45-BE57-C954DEF067AA}.Debug|Any CPU.ActiveCfg = Debug|Any CPU
		{2B0706C0-40B5-4F45-BE57-C954DEF067AA}.Debug|Any CPU.Build.0 = Debug|Any CPU
		{2B0706C0-40B5-4F45-BE57-C954DEF067AA}.Release|Any CPU.ActiveCfg = Release|Any CPU
		{2B0706C0-40B5-4F45-BE57-C954DEF067AA}.Release|Any CPU.Build.0 = Release|Any CPU
		{4B214AE5-4638-4F13-84BF-E264F4F17CD5}.Debug|Any CPU.ActiveCfg = Debug|Any CPU
		{4B214AE5-4638-4F13-84BF-E264F4F17CD5}.Debug|Any CPU.Build.0 = Debug|Any CPU
		{4B214AE5-4638-4F13-84BF-E264F4F17CD5}.Release|Any CPU.ActiveCfg = Release|Any CPU
		{4B214AE5-4638-4F13-84BF-E264F4F17CD5}.Release|Any CPU.Build.0 = Release|Any CPU
		{9692F68E-2586-45B1-995E-1A748DCDAF1B}.Debug|Any CPU.ActiveCfg = Debug|Any CPU
		{9692F68E-2586-45B1-995E-1A748DCDAF1B}.Debug|Any CPU.Build.0 = Debug|Any CPU
		{9692F68E-2586-45B1-995E-1A748DCDAF1B}.Release|Any CPU.ActiveCfg = Release|Any CPU
		{9692F68E-2586-45B1-995E-1A748DCDAF1B}.Release|Any CPU.Build.0 = Release|Any CPU
	EndGlobalSection
	GlobalSection(SolutionProperties) = preSolution
		HideSolutionNode = FALSE
	EndGlobalSection
	GlobalSection(NestedProjects) = preSolution
		{1A6D89A2-DE39-491D-A245-3A7C1A2E2061} = {EDE71871-B175-4811-A385-92CEB1846674}
		{2595D08E-61CB-40EB-AF70-34C46579A3B2} = {EDE71871-B175-4811-A385-92CEB1846674}
		{A0A9DC7B-C084-449F-A15E-01E25E3EADF2} = {EDE71871-B175-4811-A385-92CEB1846674}
		{219C37EF-B6E2-4813-98F7-49C02A4583FF} = {EDE71871-B175-4811-A385-92CEB1846674}
		{A938D6A4-37F5-4C76-9165-23A8ABC2773B} = {EDE71871-B175-4811-A385-92CEB1846674}
		{15C063E4-3E08-47D3-A859-A4CBAA1DFC1B} = {EDE71871-B175-4811-A385-92CEB1846674}
		{C15FA4A1-F9D5-46DF-B864-1033C1B7335B} = {2165E970-86AB-44AB-8D48-D7EAF594973D}
		{C34100B7-F898-4964-BC9E-46B40862754B} = {2165E970-86AB-44AB-8D48-D7EAF594973D}
		{7E243272-9A50-4B08-A3C8-7FCE2641FA7C} = {2165E970-86AB-44AB-8D48-D7EAF594973D}
		{034D5C81-3AAB-422A-AF1C-5E2F586FB89A} = {2165E970-86AB-44AB-8D48-D7EAF594973D}
		{87845EA3-8296-49E8-800E-E289FFCF5B6C} = {2165E970-86AB-44AB-8D48-D7EAF594973D}
		{C0A4849D-4153-4449-A53E-D7B3B1A16741} = {26A0881C-EFF5-4DD7-87D8-68CA62ED465D}
		{BCEB7B41-A6F3-4BE2-BA2F-60A07FCE2214} = {26A0881C-EFF5-4DD7-87D8-68CA62ED465D}
		{2B0706C0-40B5-4F45-BE57-C954DEF067AA} = {26A0881C-EFF5-4DD7-87D8-68CA62ED465D}
		{4B214AE5-4638-4F13-84BF-E264F4F17CD5} = {26A0881C-EFF5-4DD7-87D8-68CA62ED465D}
		{9692F68E-2586-45B1-995E-1A748DCDAF1B} = {26A0881C-EFF5-4DD7-87D8-68CA62ED465D}
	EndGlobalSection
	GlobalSection(ExtensibilityGlobals) = postSolution
		SolutionGuid = {8E11726E-97B6-4830-9188-0233CBEB0384}
	EndGlobalSection
EndGlobal
